
Microsoft Visual Studio Solution File, Format Version 12.00
# Visual Studio Version 16
VisualStudioVersion = 16.0.29123.88
MinimumVisualStudioVersion = 10.0.40219.1
Project("{9A19103F-16F7-4668-BE54-9A1E7A4F7556}") = "MyVet_Cf.Common", "MyVet_Cf.Common\MyVet_Cf.Common.csproj", "{4BCFBDC7-3345-4AD4-A2FA-7866F51805DB}"
EndProject
Project("{9A19103F-16F7-4668-BE54-9A1E7A4F7556}") = "MyVet_Cf.Web", "MyVet_Cf.Web\MyVet_Cf.Web.csproj", "{27E3A7E5-B7F9-4344-B7DA-901282DD2A1E}"
EndProject
Project("{9A19103F-16F7-4668-BE54-9A1E7A4F7556}") = "MyVet_Cf.Prism", "MyVet_Cf.Prism\MyVet_Cf.Prism\MyVet_Cf.Prism.csproj", "{46EFCC2C-1F88-4804-BF05-AF6D865E243D}"
EndProject
Project("{FAE04EC0-301F-11D3-BF4B-00C04F79EFBC}") = "MyVet_Cf.Prism.Android", "MyVet_Cf.Prism\MyVet_Cf.Prism.Android\MyVet_Cf.Prism.Android.csproj", "{A0D2564B-B073-42CC-944E-270788326310}"
EndProject
Project("{FAE04EC0-301F-11D3-BF4B-00C04F79EFBC}") = "MyVet_Cf.Prism.iOS", "MyVet_Cf.Prism\MyVet_Cf.Prism.iOS\MyVet_Cf.Prism.iOS.csproj", "{48AE1C27-B064-4A5E-8874-A9C751AFAEDF}"
EndProject
Global
	GlobalSection(SolutionConfigurationPlatforms) = preSolution
		Ad-Hoc|Any CPU = Ad-Hoc|Any CPU
		Ad-Hoc|ARM = Ad-Hoc|ARM
		Ad-Hoc|iPhone = Ad-Hoc|iPhone
		Ad-Hoc|iPhoneSimulator = Ad-Hoc|iPhoneSimulator
		Ad-Hoc|x64 = Ad-Hoc|x64
		Ad-Hoc|x86 = Ad-Hoc|x86
		AppStore|Any CPU = AppStore|Any CPU
		AppStore|ARM = AppStore|ARM
		AppStore|iPhone = AppStore|iPhone
		AppStore|iPhoneSimulator = AppStore|iPhoneSimulator
		AppStore|x64 = AppStore|x64
		AppStore|x86 = AppStore|x86
		Debug|Any CPU = Debug|Any CPU
		Debug|ARM = Debug|ARM
		Debug|iPhone = Debug|iPhone
		Debug|iPhoneSimulator = Debug|iPhoneSimulator
		Debug|x64 = Debug|x64
		Debug|x86 = Debug|x86
		Release|Any CPU = Release|Any CPU
		Release|ARM = Release|ARM
		Release|iPhone = Release|iPhone
		Release|iPhoneSimulator = Release|iPhoneSimulator
		Release|x64 = Release|x64
		Release|x86 = Release|x86
	EndGlobalSection
	GlobalSection(ProjectConfigurationPlatforms) = postSolution
		{4BCFBDC7-3345-4AD4-A2FA-7866F51805DB}.Ad-Hoc|Any CPU.ActiveCfg = Release|Any CPU
		{4BCFBDC7-3345-4AD4-A2FA-7866F51805DB}.Ad-Hoc|Any CPU.Build.0 = Release|Any CPU
		{4BCFBDC7-3345-4AD4-A2FA-7866F51805DB}.Ad-Hoc|ARM.ActiveCfg = Release|Any CPU
		{4BCFBDC7-3345-4AD4-A2FA-7866F51805DB}.Ad-Hoc|ARM.Build.0 = Release|Any CPU
		{4BCFBDC7-3345-4AD4-A2FA-7866F51805DB}.Ad-Hoc|iPhone.ActiveCfg = Release|Any CPU
		{4BCFBDC7-3345-4AD4-A2FA-7866F51805DB}.Ad-Hoc|iPhone.Build.0 = Release|Any CPU
		{4BCFBDC7-3345-4AD4-A2FA-7866F51805DB}.Ad-Hoc|iPhoneSimulator.ActiveCfg = Release|Any CPU
		{4BCFBDC7-3345-4AD4-A2FA-7866F51805DB}.Ad-Hoc|iPhoneSimulator.Build.0 = Release|Any CPU
		{4BCFBDC7-3345-4AD4-A2FA-7866F51805DB}.Ad-Hoc|x64.ActiveCfg = Release|Any CPU
		{4BCFBDC7-3345-4AD4-A2FA-7866F51805DB}.Ad-Hoc|x64.Build.0 = Release|Any CPU
		{4BCFBDC7-3345-4AD4-A2FA-7866F51805DB}.Ad-Hoc|x86.ActiveCfg = Release|Any CPU
		{4BCFBDC7-3345-4AD4-A2FA-7866F51805DB}.Ad-Hoc|x86.Build.0 = Release|Any CPU
		{4BCFBDC7-3345-4AD4-A2FA-7866F51805DB}.AppStore|Any CPU.ActiveCfg = Release|Any CPU
		{4BCFBDC7-3345-4AD4-A2FA-7866F51805DB}.AppStore|Any CPU.Build.0 = Release|Any CPU
		{4BCFBDC7-3345-4AD4-A2FA-7866F51805DB}.AppStore|ARM.ActiveCfg = Release|Any CPU
		{4BCFBDC7-3345-4AD4-A2FA-7866F51805DB}.AppStore|ARM.Build.0 = Release|Any CPU
		{4BCFBDC7-3345-4AD4-A2FA-7866F51805DB}.AppStore|iPhone.ActiveCfg = Release|Any CPU
		{4BCFBDC7-3345-4AD4-A2FA-7866F51805DB}.AppStore|iPhone.Build.0 = Release|Any CPU
		{4BCFBDC7-3345-4AD4-A2FA-7866F51805DB}.AppStore|iPhoneSimulator.ActiveCfg = Release|Any CPU
		{4BCFBDC7-3345-4AD4-A2FA-7866F51805DB}.AppStore|iPhoneSimulator.Build.0 = Release|Any CPU
		{4BCFBDC7-3345-4AD4-A2FA-7866F51805DB}.AppStore|x64.ActiveCfg = Release|Any CPU
		{4BCFBDC7-3345-4AD4-A2FA-7866F51805DB}.AppStore|x64.Build.0 = Release|Any CPU
		{4BCFBDC7-3345-4AD4-A2FA-7866F51805DB}.AppStore|x86.ActiveCfg = Release|Any CPU
		{4BCFBDC7-3345-4AD4-A2FA-7866F51805DB}.AppStore|x86.Build.0 = Release|Any CPU
		{4BCFBDC7-3345-4AD4-A2FA-7866F51805DB}.Debug|Any CPU.ActiveCfg = Debug|Any CPU
		{4BCFBDC7-3345-4AD4-A2FA-7866F51805DB}.Debug|Any CPU.Build.0 = Debug|Any CPU
		{4BCFBDC7-3345-4AD4-A2FA-7866F51805DB}.Debug|ARM.ActiveCfg = Debug|Any CPU
		{4BCFBDC7-3345-4AD4-A2FA-7866F51805DB}.Debug|ARM.Build.0 = Debug|Any CPU
		{4BCFBDC7-3345-4AD4-A2FA-7866F51805DB}.Debug|iPhone.ActiveCfg = Debug|Any CPU
		{4BCFBDC7-3345-4AD4-A2FA-7866F51805DB}.Debug|iPhone.Build.0 = Debug|Any CPU
		{4BCFBDC7-3345-4AD4-A2FA-7866F51805DB}.Debug|iPhoneSimulator.ActiveCfg = Debug|Any CPU
		{4BCFBDC7-3345-4AD4-A2FA-7866F51805DB}.Debug|iPhoneSimulator.Build.0 = Debug|Any CPU
		{4BCFBDC7-3345-4AD4-A2FA-7866F51805DB}.Debug|x64.ActiveCfg = Debug|Any CPU
		{4BCFBDC7-3345-4AD4-A2FA-7866F51805DB}.Debug|x64.Build.0 = Debug|Any CPU
		{4BCFBDC7-3345-4AD4-A2FA-7866F51805DB}.Debug|x86.ActiveCfg = Debug|Any CPU
		{4BCFBDC7-3345-4AD4-A2FA-7866F51805DB}.Debug|x86.Build.0 = Debug|Any CPU
		{4BCFBDC7-3345-4AD4-A2FA-7866F51805DB}.Release|Any CPU.ActiveCfg = Release|Any CPU
		{4BCFBDC7-3345-4AD4-A2FA-7866F51805DB}.Release|Any CPU.Build.0 = Release|Any CPU
		{4BCFBDC7-3345-4AD4-A2FA-7866F51805DB}.Release|ARM.ActiveCfg = Release|Any CPU
		{4BCFBDC7-3345-4AD4-A2FA-7866F51805DB}.Release|ARM.Build.0 = Release|Any CPU
		{4BCFBDC7-3345-4AD4-A2FA-7866F51805DB}.Release|iPhone.ActiveCfg = Release|Any CPU
		{4BCFBDC7-3345-4AD4-A2FA-7866F51805DB}.Release|iPhone.Build.0 = Release|Any CPU
		{4BCFBDC7-3345-4AD4-A2FA-7866F51805DB}.Release|iPhoneSimulator.ActiveCfg = Release|Any CPU
		{4BCFBDC7-3345-4AD4-A2FA-7866F51805DB}.Release|iPhoneSimulator.Build.0 = Release|Any CPU
		{4BCFBDC7-3345-4AD4-A2FA-7866F51805DB}.Release|x64.ActiveCfg = Release|Any CPU
		{4BCFBDC7-3345-4AD4-A2FA-7866F51805DB}.Release|x64.Build.0 = Release|Any CPU
		{4BCFBDC7-3345-4AD4-A2FA-7866F51805DB}.Release|x86.ActiveCfg = Release|Any CPU
		{4BCFBDC7-3345-4AD4-A2FA-7866F51805DB}.Release|x86.Build.0 = Release|Any CPU
		{27E3A7E5-B7F9-4344-B7DA-901282DD2A1E}.Ad-Hoc|Any CPU.ActiveCfg = Release|Any CPU
		{27E3A7E5-B7F9-4344-B7DA-901282DD2A1E}.Ad-Hoc|Any CPU.Build.0 = Release|Any CPU
		{27E3A7E5-B7F9-4344-B7DA-901282DD2A1E}.Ad-Hoc|ARM.ActiveCfg = Release|Any CPU
		{27E3A7E5-B7F9-4344-B7DA-901282DD2A1E}.Ad-Hoc|ARM.Build.0 = Release|Any CPU
		{27E3A7E5-B7F9-4344-B7DA-901282DD2A1E}.Ad-Hoc|iPhone.ActiveCfg = Release|Any CPU
		{27E3A7E5-B7F9-4344-B7DA-901282DD2A1E}.Ad-Hoc|iPhone.Build.0 = Release|Any CPU
		{27E3A7E5-B7F9-4344-B7DA-901282DD2A1E}.Ad-Hoc|iPhoneSimulator.ActiveCfg = Release|Any CPU
		{27E3A7E5-B7F9-4344-B7DA-901282DD2A1E}.Ad-Hoc|iPhoneSimulator.Build.0 = Release|Any CPU
		{27E3A7E5-B7F9-4344-B7DA-901282DD2A1E}.Ad-Hoc|x64.ActiveCfg = Release|Any CPU
		{27E3A7E5-B7F9-4344-B7DA-901282DD2A1E}.Ad-Hoc|x64.Build.0 = Release|Any CPU
		{27E3A7E5-B7F9-4344-B7DA-901282DD2A1E}.Ad-Hoc|x86.ActiveCfg = Release|Any CPU
		{27E3A7E5-B7F9-4344-B7DA-901282DD2A1E}.Ad-Hoc|x86.Build.0 = Release|Any CPU
		{27E3A7E5-B7F9-4344-B7DA-901282DD2A1E}.AppStore|Any CPU.ActiveCfg = Release|Any CPU
		{27E3A7E5-B7F9-4344-B7DA-901282DD2A1E}.AppStore|Any CPU.Build.0 = Release|Any CPU
		{27E3A7E5-B7F9-4344-B7DA-901282DD2A1E}.AppStore|ARM.ActiveCfg = Release|Any CPU
		{27E3A7E5-B7F9-4344-B7DA-901282DD2A1E}.AppStore|ARM.Build.0 = Release|Any CPU
		{27E3A7E5-B7F9-4344-B7DA-901282DD2A1E}.AppStore|iPhone.ActiveCfg = Release|Any CPU
		{27E3A7E5-B7F9-4344-B7DA-901282DD2A1E}.AppStore|iPhone.Build.0 = Release|Any CPU
		{27E3A7E5-B7F9-4344-B7DA-901282DD2A1E}.AppStore|iPhoneSimulator.ActiveCfg = Release|Any CPU
		{27E3A7E5-B7F9-4344-B7DA-901282DD2A1E}.AppStore|iPhoneSimulator.Build.0 = Release|Any CPU
		{27E3A7E5-B7F9-4344-B7DA-901282DD2A1E}.AppStore|x64.ActiveCfg = Release|Any CPU
		{27E3A7E5-B7F9-4344-B7DA-901282DD2A1E}.AppStore|x64.Build.0 = Release|Any CPU
		{27E3A7E5-B7F9-4344-B7DA-901282DD2A1E}.AppStore|x86.ActiveCfg = Release|Any CPU
		{27E3A7E5-B7F9-4344-B7DA-901282DD2A1E}.AppStore|x86.Build.0 = Release|Any CPU
		{27E3A7E5-B7F9-4344-B7DA-901282DD2A1E}.Debug|Any CPU.ActiveCfg = Debug|Any CPU
		{27E3A7E5-B7F9-4344-B7DA-901282DD2A1E}.Debug|Any CPU.Build.0 = Debug|Any CPU
		{27E3A7E5-B7F9-4344-B7DA-901282DD2A1E}.Debug|ARM.ActiveCfg = Debug|Any CPU
		{27E3A7E5-B7F9-4344-B7DA-901282DD2A1E}.Debug|ARM.Build.0 = Debug|Any CPU
		{27E3A7E5-B7F9-4344-B7DA-901282DD2A1E}.Debug|iPhone.ActiveCfg = Debug|Any CPU
		{27E3A7E5-B7F9-4344-B7DA-901282DD2A1E}.Debug|iPhone.Build.0 = Debug|Any CPU
		{27E3A7E5-B7F9-4344-B7DA-901282DD2A1E}.Debug|iPhoneSimulator.ActiveCfg = Debug|Any CPU
		{27E3A7E5-B7F9-4344-B7DA-901282DD2A1E}.Debug|iPhoneSimulator.Build.0 = Debug|Any CPU
		{27E3A7E5-B7F9-4344-B7DA-901282DD2A1E}.Debug|x64.ActiveCfg = Debug|Any CPU
		{27E3A7E5-B7F9-4344-B7DA-901282DD2A1E}.Debug|x64.Build.0 = Debug|Any CPU
		{27E3A7E5-B7F9-4344-B7DA-901282DD2A1E}.Debug|x86.ActiveCfg = Debug|Any CPU
		{27E3A7E5-B7F9-4344-B7DA-901282DD2A1E}.Debug|x86.Build.0 = Debug|Any CPU
		{27E3A7E5-B7F9-4344-B7DA-901282DD2A1E}.Release|Any CPU.ActiveCfg = Release|Any CPU
		{27E3A7E5-B7F9-4344-B7DA-901282DD2A1E}.Release|Any CPU.Build.0 = Release|Any CPU
		{27E3A7E5-B7F9-4344-B7DA-901282DD2A1E}.Release|ARM.ActiveCfg = Release|Any CPU
		{27E3A7E5-B7F9-4344-B7DA-901282DD2A1E}.Release|ARM.Build.0 = Release|Any CPU
		{27E3A7E5-B7F9-4344-B7DA-901282DD2A1E}.Release|iPhone.ActiveCfg = Release|Any CPU
		{27E3A7E5-B7F9-4344-B7DA-901282DD2A1E}.Release|iPhone.Build.0 = Release|Any CPU
		{27E3A7E5-B7F9-4344-B7DA-901282DD2A1E}.Release|iPhoneSimulator.ActiveCfg = Release|Any CPU
		{27E3A7E5-B7F9-4344-B7DA-901282DD2A1E}.Release|iPhoneSimulator.Build.0 = Release|Any CPU
		{27E3A7E5-B7F9-4344-B7DA-901282DD2A1E}.Release|x64.ActiveCfg = Release|Any CPU
		{27E3A7E5-B7F9-4344-B7DA-901282DD2A1E}.Release|x64.Build.0 = Release|Any CPU
		{27E3A7E5-B7F9-4344-B7DA-901282DD2A1E}.Release|x86.ActiveCfg = Release|Any CPU
		{27E3A7E5-B7F9-4344-B7DA-901282DD2A1E}.Release|x86.Build.0 = Release|Any CPU
		{46EFCC2C-1F88-4804-BF05-AF6D865E243D}.Ad-Hoc|Any CPU.ActiveCfg = Debug|Any CPU
		{46EFCC2C-1F88-4804-BF05-AF6D865E243D}.Ad-Hoc|Any CPU.Build.0 = Debug|Any CPU
		{46EFCC2C-1F88-4804-BF05-AF6D865E243D}.Ad-Hoc|ARM.ActiveCfg = Debug|Any CPU
		{46EFCC2C-1F88-4804-BF05-AF6D865E243D}.Ad-Hoc|ARM.Build.0 = Debug|Any CPU
		{46EFCC2C-1F88-4804-BF05-AF6D865E243D}.Ad-Hoc|iPhone.ActiveCfg = Debug|Any CPU
		{46EFCC2C-1F88-4804-BF05-AF6D865E243D}.Ad-Hoc|iPhone.Build.0 = Debug|Any CPU
		{46EFCC2C-1F88-4804-BF05-AF6D865E243D}.Ad-Hoc|iPhoneSimulator.ActiveCfg = Debug|Any CPU
		{46EFCC2C-1F88-4804-BF05-AF6D865E243D}.Ad-Hoc|iPhoneSimulator.Build.0 = Debug|Any CPU
		{46EFCC2C-1F88-4804-BF05-AF6D865E243D}.Ad-Hoc|x64.ActiveCfg = Debug|Any CPU
		{46EFCC2C-1F88-4804-BF05-AF6D865E243D}.Ad-Hoc|x64.Build.0 = Debug|Any CPU
		{46EFCC2C-1F88-4804-BF05-AF6D865E243D}.Ad-Hoc|x86.ActiveCfg = Debug|Any CPU
		{46EFCC2C-1F88-4804-BF05-AF6D865E243D}.Ad-Hoc|x86.Build.0 = Debug|Any CPU
		{46EFCC2C-1F88-4804-BF05-AF6D865E243D}.AppStore|Any CPU.ActiveCfg = Debug|Any CPU
		{46EFCC2C-1F88-4804-BF05-AF6D865E243D}.AppStore|Any CPU.Build.0 = Debug|Any CPU
		{46EFCC2C-1F88-4804-BF05-AF6D865E243D}.AppStore|ARM.ActiveCfg = Debug|Any CPU
		{46EFCC2C-1F88-4804-BF05-AF6D865E243D}.AppStore|ARM.Build.0 = Debug|Any CPU
		{46EFCC2C-1F88-4804-BF05-AF6D865E243D}.AppStore|iPhone.ActiveCfg = Debug|Any CPU
		{46EFCC2C-1F88-4804-BF05-AF6D865E243D}.AppStore|iPhone.Build.0 = Debug|Any CPU
		{46EFCC2C-1F88-4804-BF05-AF6D865E243D}.AppStore|iPhoneSimulator.ActiveCfg = Debug|Any CPU
		{46EFCC2C-1F88-4804-BF05-AF6D865E243D}.AppStore|iPhoneSimulator.Build.0 = Debug|Any CPU
		{46EFCC2C-1F88-4804-BF05-AF6D865E243D}.AppStore|x64.ActiveCfg = Debug|Any CPU
		{46EFCC2C-1F88-4804-BF05-AF6D865E243D}.AppStore|x64.Build.0 = Debug|Any CPU
		{46EFCC2C-1F88-4804-BF05-AF6D865E243D}.AppStore|x86.ActiveCfg = Debug|Any CPU
		{46EFCC2C-1F88-4804-BF05-AF6D865E243D}.AppStore|x86.Build.0 = Debug|Any CPU
		{46EFCC2C-1F88-4804-BF05-AF6D865E243D}.Debug|Any CPU.ActiveCfg = Debug|Any CPU
		{46EFCC2C-1F88-4804-BF05-AF6D865E243D}.Debug|Any CPU.Build.0 = Debug|Any CPU
		{46EFCC2C-1F88-4804-BF05-AF6D865E243D}.Debug|ARM.ActiveCfg = Debug|Any CPU
		{46EFCC2C-1F88-4804-BF05-AF6D865E243D}.Debug|ARM.Build.0 = Debug|Any CPU
		{46EFCC2C-1F88-4804-BF05-AF6D865E243D}.Debug|iPhone.ActiveCfg = Debug|Any CPU
		{46EFCC2C-1F88-4804-BF05-AF6D865E243D}.Debug|iPhone.Build.0 = Debug|Any CPU
		{46EFCC2C-1F88-4804-BF05-AF6D865E243D}.Debug|iPhoneSimulator.ActiveCfg = Debug|Any CPU
		{46EFCC2C-1F88-4804-BF05-AF6D865E243D}.Debug|iPhoneSimulator.Build.0 = Debug|Any CPU
		{46EFCC2C-1F88-4804-BF05-AF6D865E243D}.Debug|x64.ActiveCfg = Debug|Any CPU
		{46EFCC2C-1F88-4804-BF05-AF6D865E243D}.Debug|x64.Build.0 = Debug|Any CPU
		{46EFCC2C-1F88-4804-BF05-AF6D865E243D}.Debug|x86.ActiveCfg = Debug|Any CPU
		{46EFCC2C-1F88-4804-BF05-AF6D865E243D}.Debug|x86.Build.0 = Debug|Any CPU
		{46EFCC2C-1F88-4804-BF05-AF6D865E243D}.Release|Any CPU.ActiveCfg = Release|Any CPU
		{46EFCC2C-1F88-4804-BF05-AF6D865E243D}.Release|Any CPU.Build.0 = Release|Any CPU
		{46EFCC2C-1F88-4804-BF05-AF6D865E243D}.Release|ARM.ActiveCfg = Release|Any CPU
		{46EFCC2C-1F88-4804-BF05-AF6D865E243D}.Release|ARM.Build.0 = Release|Any CPU
		{46EFCC2C-1F88-4804-BF05-AF6D865E243D}.Release|iPhone.ActiveCfg = Release|Any CPU
		{46EFCC2C-1F88-4804-BF05-AF6D865E243D}.Release|iPhone.Build.0 = Release|Any CPU
		{46EFCC2C-1F88-4804-BF05-AF6D865E243D}.Release|iPhoneSimulator.ActiveCfg = Release|Any CPU
		{46EFCC2C-1F88-4804-BF05-AF6D865E243D}.Release|iPhoneSimulator.Build.0 = Release|Any CPU
		{46EFCC2C-1F88-4804-BF05-AF6D865E243D}.Release|x64.ActiveCfg = Release|Any CPU
		{46EFCC2C-1F88-4804-BF05-AF6D865E243D}.Release|x64.Build.0 = Release|Any CPU
		{46EFCC2C-1F88-4804-BF05-AF6D865E243D}.Release|x86.ActiveCfg = Release|Any CPU
		{46EFCC2C-1F88-4804-BF05-AF6D865E243D}.Release|x86.Build.0 = Release|Any CPU
		{A0D2564B-B073-42CC-944E-270788326310}.Ad-Hoc|Any CPU.ActiveCfg = Release|Any CPU
		{A0D2564B-B073-42CC-944E-270788326310}.Ad-Hoc|Any CPU.Build.0 = Release|Any CPU
		{A0D2564B-B073-42CC-944E-270788326310}.Ad-Hoc|Any CPU.Deploy.0 = Release|Any CPU
		{A0D2564B-B073-42CC-944E-270788326310}.Ad-Hoc|ARM.ActiveCfg = Release|Any CPU
		{A0D2564B-B073-42CC-944E-270788326310}.Ad-Hoc|ARM.Build.0 = Release|Any CPU
		{A0D2564B-B073-42CC-944E-270788326310}.Ad-Hoc|ARM.Deploy.0 = Release|Any CPU
		{A0D2564B-B073-42CC-944E-270788326310}.Ad-Hoc|iPhone.ActiveCfg = Release|Any CPU
		{A0D2564B-B073-42CC-944E-270788326310}.Ad-Hoc|iPhone.Build.0 = Release|Any CPU
		{A0D2564B-B073-42CC-944E-270788326310}.Ad-Hoc|iPhone.Deploy.0 = Release|Any CPU
		{A0D2564B-B073-42CC-944E-270788326310}.Ad-Hoc|iPhoneSimulator.ActiveCfg = Release|Any CPU
		{A0D2564B-B073-42CC-944E-270788326310}.Ad-Hoc|iPhoneSimulator.Build.0 = Release|Any CPU
		{A0D2564B-B073-42CC-944E-270788326310}.Ad-Hoc|iPhoneSimulator.Deploy.0 = Release|Any CPU
		{A0D2564B-B073-42CC-944E-270788326310}.Ad-Hoc|x64.ActiveCfg = Release|Any CPU
		{A0D2564B-B073-42CC-944E-270788326310}.Ad-Hoc|x64.Build.0 = Release|Any CPU
		{A0D2564B-B073-42CC-944E-270788326310}.Ad-Hoc|x64.Deploy.0 = Release|Any CPU
		{A0D2564B-B073-42CC-944E-270788326310}.Ad-Hoc|x86.ActiveCfg = Release|Any CPU
		{A0D2564B-B073-42CC-944E-270788326310}.Ad-Hoc|x86.Build.0 = Release|Any CPU
		{A0D2564B-B073-42CC-944E-270788326310}.Ad-Hoc|x86.Deploy.0 = Release|Any CPU
		{A0D2564B-B073-42CC-944E-270788326310}.AppStore|Any CPU.ActiveCfg = Release|Any CPU
		{A0D2564B-B073-42CC-944E-270788326310}.AppStore|Any CPU.Build.0 = Release|Any CPU
		{A0D2564B-B073-42CC-944E-270788326310}.AppStore|Any CPU.Deploy.0 = Release|Any CPU
		{A0D2564B-B073-42CC-944E-270788326310}.AppStore|ARM.ActiveCfg = Release|Any CPU
		{A0D2564B-B073-42CC-944E-270788326310}.AppStore|ARM.Build.0 = Release|Any CPU
		{A0D2564B-B073-42CC-944E-270788326310}.AppStore|ARM.Deploy.0 = Release|Any CPU
		{A0D2564B-B073-42CC-944E-270788326310}.AppStore|iPhone.ActiveCfg = Release|Any CPU
		{A0D2564B-B073-42CC-944E-270788326310}.AppStore|iPhone.Build.0 = Release|Any CPU
		{A0D2564B-B073-42CC-944E-270788326310}.AppStore|iPhone.Deploy.0 = Release|Any CPU
		{A0D2564B-B073-42CC-944E-270788326310}.AppStore|iPhoneSimulator.ActiveCfg = Release|Any CPU
		{A0D2564B-B073-42CC-944E-270788326310}.AppStore|iPhoneSimulator.Build.0 = Release|Any CPU
		{A0D2564B-B073-42CC-944E-270788326310}.AppStore|iPhoneSimulator.Deploy.0 = Release|Any CPU
		{A0D2564B-B073-42CC-944E-270788326310}.AppStore|x64.ActiveCfg = Release|Any CPU
		{A0D2564B-B073-42CC-944E-270788326310}.AppStore|x64.Build.0 = Release|Any CPU
		{A0D2564B-B073-42CC-944E-270788326310}.AppStore|x64.Deploy.0 = Release|Any CPU
		{A0D2564B-B073-42CC-944E-270788326310}.AppStore|x86.ActiveCfg = Release|Any CPU
		{A0D2564B-B073-42CC-944E-270788326310}.AppStore|x86.Build.0 = Release|Any CPU
		{A0D2564B-B073-42CC-944E-270788326310}.AppStore|x86.Deploy.0 = Release|Any CPU
		{A0D2564B-B073-42CC-944E-270788326310}.Debug|Any CPU.ActiveCfg = Debug|Any CPU
		{A0D2564B-B073-42CC-944E-270788326310}.Debug|Any CPU.Build.0 = Debug|Any CPU
		{A0D2564B-B073-42CC-944E-270788326310}.Debug|Any CPU.Deploy.0 = Debug|Any CPU
		{A0D2564B-B073-42CC-944E-270788326310}.Debug|ARM.ActiveCfg = Debug|Any CPU
		{A0D2564B-B073-42CC-944E-270788326310}.Debug|ARM.Build.0 = Debug|Any CPU
		{A0D2564B-B073-42CC-944E-270788326310}.Debug|ARM.Deploy.0 = Debug|Any CPU
		{A0D2564B-B073-42CC-944E-270788326310}.Debug|iPhone.ActiveCfg = Debug|Any CPU
		{A0D2564B-B073-42CC-944E-270788326310}.Debug|iPhone.Build.0 = Debug|Any CPU
		{A0D2564B-B073-42CC-944E-270788326310}.Debug|iPhone.Deploy.0 = Debug|Any CPU
		{A0D2564B-B073-42CC-944E-270788326310}.Debug|iPhoneSimulator.ActiveCfg = Debug|Any CPU
		{A0D2564B-B073-42CC-944E-270788326310}.Debug|iPhoneSimulator.Build.0 = Debug|Any CPU
		{A0D2564B-B073-42CC-944E-270788326310}.Debug|iPhoneSimulator.Deploy.0 = Debug|Any CPU
		{A0D2564B-B073-42CC-944E-270788326310}.Debug|x64.ActiveCfg = Debug|Any CPU
		{A0D2564B-B073-42CC-944E-270788326310}.Debug|x64.Build.0 = Debug|Any CPU
		{A0D2564B-B073-42CC-944E-270788326310}.Debug|x64.Deploy.0 = Debug|Any CPU
		{A0D2564B-B073-42CC-944E-270788326310}.Debug|x86.ActiveCfg = Debug|Any CPU
		{A0D2564B-B073-42CC-944E-270788326310}.Debug|x86.Build.0 = Debug|Any CPU
		{A0D2564B-B073-42CC-944E-270788326310}.Debug|x86.Deploy.0 = Debug|Any CPU
		{A0D2564B-B073-42CC-944E-270788326310}.Release|Any CPU.ActiveCfg = Release|Any CPU
		{A0D2564B-B073-42CC-944E-270788326310}.Release|Any CPU.Build.0 = Release|Any CPU
		{A0D2564B-B073-42CC-944E-270788326310}.Release|Any CPU.Deploy.0 = Release|Any CPU
		{A0D2564B-B073-42CC-944E-270788326310}.Release|ARM.ActiveCfg = Release|Any CPU
		{A0D2564B-B073-42CC-944E-270788326310}.Release|ARM.Build.0 = Release|Any CPU
		{A0D2564B-B073-42CC-944E-270788326310}.Release|ARM.Deploy.0 = Release|Any CPU
		{A0D2564B-B073-42CC-944E-270788326310}.Release|iPhone.ActiveCfg = Release|Any CPU
		{A0D2564B-B073-42CC-944E-270788326310}.Release|iPhone.Build.0 = Release|Any CPU
		{A0D2564B-B073-42CC-944E-270788326310}.Release|iPhone.Deploy.0 = Release|Any CPU
		{A0D2564B-B073-42CC-944E-270788326310}.Release|iPhoneSimulator.ActiveCfg = Release|Any CPU
		{A0D2564B-B073-42CC-944E-270788326310}.Release|iPhoneSimulator.Build.0 = Release|Any CPU
		{A0D2564B-B073-42CC-944E-270788326310}.Release|iPhoneSimulator.Deploy.0 = Release|Any CPU
		{A0D2564B-B073-42CC-944E-270788326310}.Release|x64.ActiveCfg = Release|Any CPU
		{A0D2564B-B073-42CC-944E-270788326310}.Release|x64.Build.0 = Release|Any CPU
		{A0D2564B-B073-42CC-944E-270788326310}.Release|x64.Deploy.0 = Release|Any CPU
		{A0D2564B-B073-42CC-944E-270788326310}.Release|x86.ActiveCfg = Release|Any CPU
		{A0D2564B-B073-42CC-944E-270788326310}.Release|x86.Build.0 = Release|Any CPU
		{A0D2564B-B073-42CC-944E-270788326310}.Release|x86.Deploy.0 = Release|Any CPU
		{48AE1C27-B064-4A5E-8874-A9C751AFAEDF}.Ad-Hoc|Any CPU.ActiveCfg = Ad-Hoc|iPhone
		{48AE1C27-B064-4A5E-8874-A9C751AFAEDF}.Ad-Hoc|ARM.ActiveCfg = Ad-Hoc|iPhone
		{48AE1C27-B064-4A5E-8874-A9C751AFAEDF}.Ad-Hoc|iPhone.ActiveCfg = Ad-Hoc|iPhone
		{48AE1C27-B064-4A5E-8874-A9C751AFAEDF}.Ad-Hoc|iPhone.Build.0 = Ad-Hoc|iPhone
		{48AE1C27-B064-4A5E-8874-A9C751AFAEDF}.Ad-Hoc|iPhoneSimulator.ActiveCfg = Ad-Hoc|iPhoneSimulator
		{48AE1C27-B064-4A5E-8874-A9C751AFAEDF}.Ad-Hoc|iPhoneSimulator.Build.0 = Ad-Hoc|iPhoneSimulator
		{48AE1C27-B064-4A5E-8874-A9C751AFAEDF}.Ad-Hoc|x64.ActiveCfg = Ad-Hoc|iPhone
		{48AE1C27-B064-4A5E-8874-A9C751AFAEDF}.Ad-Hoc|x86.ActiveCfg = Ad-Hoc|iPhone
		{48AE1C27-B064-4A5E-8874-A9C751AFAEDF}.AppStore|Any CPU.ActiveCfg = AppStore|iPhone
		{48AE1C27-B064-4A5E-8874-A9C751AFAEDF}.AppStore|ARM.ActiveCfg = AppStore|iPhone
		{48AE1C27-B064-4A5E-8874-A9C751AFAEDF}.AppStore|iPhone.ActiveCfg = AppStore|iPhone
		{48AE1C27-B064-4A5E-8874-A9C751AFAEDF}.AppStore|iPhone.Build.0 = AppStore|iPhone
		{48AE1C27-B064-4A5E-8874-A9C751AFAEDF}.AppStore|iPhoneSimulator.ActiveCfg = AppStore|iPhoneSimulator
		{48AE1C27-B064-4A5E-8874-A9C751AFAEDF}.AppStore|iPhoneSimulator.Build.0 = AppStore|iPhoneSimulator
		{48AE1C27-B064-4A5E-8874-A9C751AFAEDF}.AppStore|x64.ActiveCfg = AppStore|iPhone
		{48AE1C27-B064-4A5E-8874-A9C751AFAEDF}.AppStore|x86.ActiveCfg = AppStore|iPhone
		{48AE1C27-B064-4A5E-8874-A9C751AFAEDF}.Debug|Any CPU.ActiveCfg = Debug|iPhone
		{48AE1C27-B064-4A5E-8874-A9C751AFAEDF}.Debug|ARM.ActiveCfg = Debug|iPhone
		{48AE1C27-B064-4A5E-8874-A9C751AFAEDF}.Debug|iPhone.ActiveCfg = Debug|iPhone
		{48AE1C27-B064-4A5E-8874-A9C751AFAEDF}.Debug|iPhone.Build.0 = Debug|iPhone
		{48AE1C27-B064-4A5E-8874-A9C751AFAEDF}.Debug|iPhoneSimulator.ActiveCfg = Debug|iPhoneSimulator
		{48AE1C27-B064-4A5E-8874-A9C751AFAEDF}.Debug|iPhoneSimulator.Build.0 = Debug|iPhoneSimulator
		{48AE1C27-B064-4A5E-8874-A9C751AFAEDF}.Debug|x64.ActiveCfg = Debug|iPhone
		{48AE1C27-B064-4A5E-8874-A9C751AFAEDF}.Debug|x86.ActiveCfg = Debug|iPhone
		{48AE1C27-B064-4A5E-8874-A9C751AFAEDF}.Release|Any CPU.ActiveCfg = Release|iPhone
		{48AE1C27-B064-4A5E-8874-A9C751AFAEDF}.Release|ARM.ActiveCfg = Release|iPhone
		{48AE1C27-B064-4A5E-8874-A9C751AFAEDF}.Release|iPhone.ActiveCfg = Release|iPhone
		{48AE1C27-B064-4A5E-8874-A9C751AFAEDF}.Release|iPhone.Build.0 = Release|iPhone
		{48AE1C27-B064-4A5E-8874-A9C751AFAEDF}.Release|iPhoneSimulator.ActiveCfg = Release|iPhoneSimulator
		{48AE1C27-B064-4A5E-8874-A9C751AFAEDF}.Release|iPhoneSimulator.Build.0 = Release|iPhoneSimulator
		{48AE1C27-B064-4A5E-8874-A9C751AFAEDF}.Release|x64.ActiveCfg = Release|iPhone
		{48AE1C27-B064-4A5E-8874-A9C751AFAEDF}.Release|x86.ActiveCfg = Release|iPhone
	EndGlobalSection
	GlobalSection(SolutionProperties) = preSolution
		HideSolutionNode = FALSE
	EndGlobalSection
	GlobalSection(ExtensibilityGlobals) = postSolution
		SolutionGuid = {2A705B06-7C67-44C1-B1E6-72A4DB8096CC}
	EndGlobalSection
EndGlobal
